
Microsoft Visual Studio Solution File, Format Version 12.00
# Visual Studio 2015
Project("{FAE04EC0-301F-11D3-BF4B-00C04F79EFBC}") = "Attache Case.CSharp", "Attache Case.CSharp.csproj", "{BB7313FA-6DC6-FBFD-3488-4BA334C074F0}"
EndProject
Project("{FAE04EC0-301F-11D3-BF4B-00C04F79EFBC}") = "Attache Case.CSharp.Editor", "Attache Case.CSharp.Editor.csproj", "{0B8C75AF-D7EB-1FF5-BC47-AFF92FF851DE}"
EndProject
Global
	GlobalSection(SolutionConfigurationPlatforms) = preSolution
		Debug|Any CPU = Debug|Any CPU
		Release|Any CPU = Release|Any CPU
	EndGlobalSection
	GlobalSection(ProjectConfigurationPlatforms) = postSolution
		{BB7313FA-6DC6-FBFD-3488-4BA334C074F0}.Debug|Any CPU.ActiveCfg = Debug|Any CPU
		{BB7313FA-6DC6-FBFD-3488-4BA334C074F0}.Debug|Any CPU.Build.0 = Debug|Any CPU
		{BB7313FA-6DC6-FBFD-3488-4BA334C074F0}.Release|Any CPU.ActiveCfg = Release|Any CPU
		{BB7313FA-6DC6-FBFD-3488-4BA334C074F0}.Release|Any CPU.Build.0 = Release|Any CPU
		{0B8C75AF-D7EB-1FF5-BC47-AFF92FF851DE}.Debug|Any CPU.ActiveCfg = Debug|Any CPU
		{0B8C75AF-D7EB-1FF5-BC47-AFF92FF851DE}.Debug|Any CPU.Build.0 = Debug|Any CPU
		{0B8C75AF-D7EB-1FF5-BC47-AFF92FF851DE}.Release|Any CPU.ActiveCfg = Release|Any CPU
		{0B8C75AF-D7EB-1FF5-BC47-AFF92FF851DE}.Release|Any CPU.Build.0 = Release|Any CPU
	EndGlobalSection
	GlobalSection(SolutionProperties) = preSolution
		HideSolutionNode = FALSE
	EndGlobalSection
EndGlobal
